
Microsoft Visual Studio Solution File, Format Version 12.00
# Visual Studio 14
VisualStudioVersion = 14.0.23107.0
MinimumVisualStudioVersion = 10.0.40219.1
Project("{FAE04EC0-301F-11D3-BF4B-00C04F79EFBC}") = "Lab1", "Lab1\Lab1.csproj", "{68D33FEF-57E1-4A76-903A-6C9BBDF3B714}"
EndProject
Project("{FAE04EC0-301F-11D3-BF4B-00C04F79EFBC}") = "Lab2", "Lab2\Lab2.csproj", "{5AFC6E25-5A62-4138-B197-B1988ED374DB}"
EndProject
Project("{FAE04EC0-301F-11D3-BF4B-00C04F79EFBC}") = "Lab3", "Lab3\Lab3.csproj", "{43FC1B43-126F-4A6D-99FA-C29A58F7E920}"
EndProject
Project("{FAE04EC0-301F-11D3-BF4B-00C04F79EFBC}") = "Lab4", "Lab4\Lab4.csproj", "{A7895DFA-F395-44D7-8181-9A1DBC8DB6A0}"
EndProject
Project("{FAE04EC0-301F-11D3-BF4B-00C04F79EFBC}") = "Lab5", "Lab5\Lab5.csproj", "{EAF2B891-1F00-4118-AEED-54FBBD692B1B}"
EndProject
Project("{FAE04EC0-301F-11D3-BF4B-00C04F79EFBC}") = "Lab6", "Lab6\Lab6.csproj", "{E8DF4C6B-0BB2-4EE7-92D7-58B723DF5DB6}"
EndProject
Project("{FAE04EC0-301F-11D3-BF4B-00C04F79EFBC}") = "Samost", "Samost\Samost.csproj", "{6B67D881-BFA6-4A8D-9E19-E6C8AAB49B90}"
EndProject
Global
	GlobalSection(SolutionConfigurationPlatforms) = preSolution
		Debug|Any CPU = Debug|Any CPU
		Debug|x86 = Debug|x86
		Release|Any CPU = Release|Any CPU
		Release|x86 = Release|x86
	EndGlobalSection
	GlobalSection(ProjectConfigurationPlatforms) = postSolution
		{68D33FEF-57E1-4A76-903A-6C9BBDF3B714}.Debug|Any CPU.ActiveCfg = Debug|x86
		{68D33FEF-57E1-4A76-903A-6C9BBDF3B714}.Debug|x86.ActiveCfg = Debug|x86
		{68D33FEF-57E1-4A76-903A-6C9BBDF3B714}.Debug|x86.Build.0 = Debug|x86
		{68D33FEF-57E1-4A76-903A-6C9BBDF3B714}.Release|Any CPU.ActiveCfg = Release|x86
		{68D33FEF-57E1-4A76-903A-6C9BBDF3B714}.Release|x86.ActiveCfg = Release|x86
		{68D33FEF-57E1-4A76-903A-6C9BBDF3B714}.Release|x86.Build.0 = Release|x86
		{5AFC6E25-5A62-4138-B197-B1988ED374DB}.Debug|Any CPU.ActiveCfg = Debug|x86
		{5AFC6E25-5A62-4138-B197-B1988ED374DB}.Debug|x86.ActiveCfg = Debug|x86
		{5AFC6E25-5A62-4138-B197-B1988ED374DB}.Debug|x86.Build.0 = Debug|x86
		{5AFC6E25-5A62-4138-B197-B1988ED374DB}.Release|Any CPU.ActiveCfg = Release|x86
		{5AFC6E25-5A62-4138-B197-B1988ED374DB}.Release|x86.ActiveCfg = Release|x86
		{5AFC6E25-5A62-4138-B197-B1988ED374DB}.Release|x86.Build.0 = Release|x86
		{43FC1B43-126F-4A6D-99FA-C29A58F7E920}.Debug|Any CPU.ActiveCfg = Debug|Any CPU
		{43FC1B43-126F-4A6D-99FA-C29A58F7E920}.Debug|Any CPU.Build.0 = Debug|Any CPU
		{43FC1B43-126F-4A6D-99FA-C29A58F7E920}.Debug|x86.ActiveCfg = Debug|Any CPU
		{43FC1B43-126F-4A6D-99FA-C29A58F7E920}.Debug|x86.Build.0 = Debug|Any CPU
		{43FC1B43-126F-4A6D-99FA-C29A58F7E920}.Release|Any CPU.ActiveCfg = Release|Any CPU
		{43FC1B43-126F-4A6D-99FA-C29A58F7E920}.Release|Any CPU.Build.0 = Release|Any CPU
		{43FC1B43-126F-4A6D-99FA-C29A58F7E920}.Release|x86.ActiveCfg = Release|Any CPU
		{43FC1B43-126F-4A6D-99FA-C29A58F7E920}.Release|x86.Build.0 = Release|Any CPU
		{A7895DFA-F395-44D7-8181-9A1DBC8DB6A0}.Debug|Any CPU.ActiveCfg = Debug|Any CPU
		{A7895DFA-F395-44D7-8181-9A1DBC8DB6A0}.Debug|Any CPU.Build.0 = Debug|Any CPU
		{A7895DFA-F395-44D7-8181-9A1DBC8DB6A0}.Debug|x86.ActiveCfg = Debug|Any CPU
		{A7895DFA-F395-44D7-8181-9A1DBC8DB6A0}.Debug|x86.Build.0 = Debug|Any CPU
		{A7895DFA-F395-44D7-8181-9A1DBC8DB6A0}.Release|Any CPU.ActiveCfg = Release|Any CPU
		{A7895DFA-F395-44D7-8181-9A1DBC8DB6A0}.Release|Any CPU.Build.0 = Release|Any CPU
		{A7895DFA-F395-44D7-8181-9A1DBC8DB6A0}.Release|x86.ActiveCfg = Release|Any CPU
		{A7895DFA-F395-44D7-8181-9A1DBC8DB6A0}.Release|x86.Build.0 = Release|Any CPU
		{EAF2B891-1F00-4118-AEED-54FBBD692B1B}.Debug|Any CPU.ActiveCfg = Debug|Any CPU
		{EAF2B891-1F00-4118-AEED-54FBBD692B1B}.Debug|Any CPU.Build.0 = Debug|Any CPU
		{EAF2B891-1F00-4118-AEED-54FBBD692B1B}.Debug|x86.ActiveCfg = Debug|Any CPU
		{EAF2B891-1F00-4118-AEED-54FBBD692B1B}.Debug|x86.Build.0 = Debug|Any CPU
		{EAF2B891-1F00-4118-AEED-54FBBD692B1B}.Release|Any CPU.ActiveCfg = Release|Any CPU
		{EAF2B891-1F00-4118-AEED-54FBBD692B1B}.Release|Any CPU.Build.0 = Release|Any CPU
		{EAF2B891-1F00-4118-AEED-54FBBD692B1B}.Release|x86.ActiveCfg = Release|Any CPU
		{EAF2B891-1F00-4118-AEED-54FBBD692B1B}.Release|x86.Build.0 = Release|Any CPU
		{E8DF4C6B-0BB2-4EE7-92D7-58B723DF5DB6}.Debug|Any CPU.ActiveCfg = Debug|Any CPU
		{E8DF4C6B-0BB2-4EE7-92D7-58B723DF5DB6}.Debug|Any CPU.Build.0 = Debug|Any CPU
		{E8DF4C6B-0BB2-4EE7-92D7-58B723DF5DB6}.Debug|x86.ActiveCfg = Debug|Any CPU
		{E8DF4C6B-0BB2-4EE7-92D7-58B723DF5DB6}.Debug|x86.Build.0 = Debug|Any CPU
		{E8DF4C6B-0BB2-4EE7-92D7-58B723DF5DB6}.Release|Any CPU.ActiveCfg = Release|Any CPU
		{E8DF4C6B-0BB2-4EE7-92D7-58B723DF5DB6}.Release|Any CPU.Build.0 = Release|Any CPU
		{E8DF4C6B-0BB2-4EE7-92D7-58B723DF5DB6}.Release|x86.ActiveCfg = Release|Any CPU
		{E8DF4C6B-0BB2-4EE7-92D7-58B723DF5DB6}.Release|x86.Build.0 = Release|Any CPU
		{6B67D881-BFA6-4A8D-9E19-E6C8AAB49B90}.Debug|Any CPU.ActiveCfg = Debug|Any CPU
		{6B67D881-BFA6-4A8D-9E19-E6C8AAB49B90}.Debug|Any CPU.Build.0 = Debug|Any CPU
		{6B67D881-BFA6-4A8D-9E19-E6C8AAB49B90}.Debug|x86.ActiveCfg = Debug|Any CPU
		{6B67D881-BFA6-4A8D-9E19-E6C8AAB49B90}.Debug|x86.Build.0 = Debug|Any CPU
		{6B67D881-BFA6-4A8D-9E19-E6C8AAB49B90}.Release|Any CPU.ActiveCfg = Release|Any CPU
		{6B67D881-BFA6-4A8D-9E19-E6C8AAB49B90}.Release|Any CPU.Build.0 = Release|Any CPU
		{6B67D881-BFA6-4A8D-9E19-E6C8AAB49B90}.Release|x86.ActiveCfg = Release|Any CPU
		{6B67D881-BFA6-4A8D-9E19-E6C8AAB49B90}.Release|x86.Build.0 = Release|Any CPU
	EndGlobalSection
	GlobalSection(SolutionProperties) = preSolution
		HideSolutionNode = FALSE
	EndGlobalSection
EndGlobal
